
Microsoft Visual Studio Solution File, Format Version 12.00
# Visual Studio Version 17
VisualStudioVersion = 17.8.34525.116
MinimumVisualStudioVersion = 10.0.40219.1
Project("{FAE04EC0-301F-11D3-BF4B-00C04F79EFBC}") = "wf-class-7-02-24-TSK", "wf-class-7-02-24-TSK\wf-class-7-02-24-TSK.csproj", "{52D20D49-FAB0-4EAF-BDEB-8DDF41915A63}"
EndProject
Global
	GlobalSection(SolutionConfigurationPlatforms) = preSolution
		Debug|Any CPU = Debug|Any CPU
		Release|Any CPU = Release|Any CPU
	EndGlobalSection
	GlobalSection(ProjectConfigurationPlatforms) = postSolution
		{52D20D49-FAB0-4EAF-BDEB-8DDF41915A63}.Debug|Any CPU.ActiveCfg = Debug|Any CPU
		{52D20D49-FAB0-4EAF-BDEB-8DDF41915A63}.Debug|Any CPU.Build.0 = Debug|Any CPU
		{52D20D49-FAB0-4EAF-BDEB-8DDF41915A63}.Release|Any CPU.ActiveCfg = Release|Any CPU
		{52D20D49-FAB0-4EAF-BDEB-8DDF41915A63}.Release|Any CPU.Build.0 = Release|Any CPU
	EndGlobalSection
	GlobalSection(SolutionProperties) = preSolution
		HideSolutionNode = FALSE
	EndGlobalSection
	GlobalSection(ExtensibilityGlobals) = postSolution
		SolutionGuid = {9936956D-A698-4CBC-9D80-197B9942CB68}
	EndGlobalSection
EndGlobal
